{
  "name": "mp3gain.js",
  "version": "0.0.1",
  "lockfileVersion": 1,
  "requires": true,
  "dependencies": {
    "emloader": {
      "version": "0.0.5",
      "resolved": "https://registry.npmjs.org/emloader/-/emloader-0.0.5.tgz",
      "integrity": "sha512-K/jgBpfHO78cbsY1lwr+cfWilMWqwgf5gRHHtdo1KByq5+kuCXig30bMPz9Wp0HXIL5/3uH4JrJ3QGN0M9R84g==",
      "dev": true
    },
    "typescript": {
      "version": "2.6.2",
      "resolved": "https://registry.npmjs.org/typescript/-/typescript-2.6.2.tgz",
      "integrity": "sha1-PFtv1/beCRQmkCfwPAlGdY92c6Q=",
      "dev": true
    }
  }
}
