{
  "name": "mp3gain",
  "version": "0.0.1",
  "lockfileVersion": 1,
  "requires": true,
  "dependencies": {
    "emloader": {
      "version": "0.0.2",
      "resolved": "https://registry.npmjs.org/emloader/-/emloader-0.0.2.tgz",
      "integrity": "sha512-rpNYroWQbzqc6fHcrOMrUNiOwn2cHaqtaQQt7ve5gQPW+TBNtJHcPhnxKFIUWdi3XhGQdFHlZu9KnPHvIB3wnw=="
    },
    "typescript": {
      "version": "2.6.2",
      "resolved": "https://registry.npmjs.org/typescript/-/typescript-2.6.2.tgz",
      "integrity": "sha1-PFtv1/beCRQmkCfwPAlGdY92c6Q=",
      "dev": true
    }
  }
}
